
Microsoft Visual Studio Solution File, Format Version 12.00
# Visual Studio Version 16
VisualStudioVersion = 16.0.31205.134
MinimumVisualStudioVersion = 10.0.40219.1
Project("{FAE04EC0-301F-11D3-BF4B-00C04F79EFBC}") = "SecMsg", "SecMsg\SecMsg.csproj", "{CF44C3E7-53FE-4FC1-AB4D-438286ACD3FC}"
EndProject
Project("{FAE04EC0-301F-11D3-BF4B-00C04F79EFBC}") = "SecMsg.Common", "SecMsg.Common\SecMsg.Common.csproj", "{2D72699E-C267-417E-982E-1F4978F94D6B}"
EndProject
Project("{FAE04EC0-301F-11D3-BF4B-00C04F79EFBC}") = "SecMsg.Client", "SecMsg.Client\SecMsg.Client.csproj", "{3E4C23C0-61F7-456E-A646-780194027E2E}"
EndProject
Global
	GlobalSection(SolutionConfigurationPlatforms) = preSolution
		Debug|Any CPU = Debug|Any CPU
		Release|Any CPU = Release|Any CPU
	EndGlobalSection
	GlobalSection(ProjectConfigurationPlatforms) = postSolution
		{CF44C3E7-53FE-4FC1-AB4D-438286ACD3FC}.Debug|Any CPU.ActiveCfg = Debug|Any CPU
		{CF44C3E7-53FE-4FC1-AB4D-438286ACD3FC}.Debug|Any CPU.Build.0 = Debug|Any CPU
		{CF44C3E7-53FE-4FC1-AB4D-438286ACD3FC}.Release|Any CPU.ActiveCfg = Release|Any CPU
		{CF44C3E7-53FE-4FC1-AB4D-438286ACD3FC}.Release|Any CPU.Build.0 = Release|Any CPU
		{2D72699E-C267-417E-982E-1F4978F94D6B}.Debug|Any CPU.ActiveCfg = Debug|Any CPU
		{2D72699E-C267-417E-982E-1F4978F94D6B}.Debug|Any CPU.Build.0 = Debug|Any CPU
		{2D72699E-C267-417E-982E-1F4978F94D6B}.Release|Any CPU.ActiveCfg = Release|Any CPU
		{2D72699E-C267-417E-982E-1F4978F94D6B}.Release|Any CPU.Build.0 = Release|Any CPU
		{3E4C23C0-61F7-456E-A646-780194027E2E}.Debug|Any CPU.ActiveCfg = Debug|Any CPU
		{3E4C23C0-61F7-456E-A646-780194027E2E}.Debug|Any CPU.Build.0 = Debug|Any CPU
		{3E4C23C0-61F7-456E-A646-780194027E2E}.Release|Any CPU.ActiveCfg = Release|Any CPU
		{3E4C23C0-61F7-456E-A646-780194027E2E}.Release|Any CPU.Build.0 = Release|Any CPU
	EndGlobalSection
	GlobalSection(SolutionProperties) = preSolution
		HideSolutionNode = FALSE
	EndGlobalSection
	GlobalSection(ExtensibilityGlobals) = postSolution
		SolutionGuid = {E932B249-F891-44C1-9823-CF902EA47D4D}
	EndGlobalSection
EndGlobal
